{
  "name": "wordset-dictionary",
  "version": "1.0.0",
  "lockfileVersion": 2,
  "requires": true,
  "packages": {
    "": {
      "name": "wordset-dictionary",
      "version": "1.0.0",
      "license": "ISC",
      "dependencies": {
        "profane-words": "^1.4.0"
      }
    },
    "node_modules/profane-words": {
      "version": "1.4.0",
      "resolved": "https://registry.npmjs.org/profane-words/-/profane-words-1.4.0.tgz",
      "integrity": "sha512-BPRljoMMDL7M2W61iDgZ/uHfTmptEtd4Is41C6xXbNYfw0B0U41pl3NcZxxihMOZq4XHGsiapEB1ufXV9LPevA==",
      "funding": {
        "type": "ko-fi",
        "url": "https://ko-fi.com/zacanger"
      }
    }
  },
  "dependencies": {
    "profane-words": {
      "version": "1.4.0",
      "resolved": "https://registry.npmjs.org/profane-words/-/profane-words-1.4.0.tgz",
      "integrity": "sha512-BPRljoMMDL7M2W61iDgZ/uHfTmptEtd4Is41C6xXbNYfw0B0U41pl3NcZxxihMOZq4XHGsiapEB1ufXV9LPevA=="
    }
  }
}
